
Microsoft Visual Studio Solution File, Format Version 12.00
# Visual Studio Version 17
VisualStudioVersion = 17.10.35027.167
MinimumVisualStudioVersion = 10.0.40219.1
Project("{9A19103F-16F7-4668-BE54-9A1E7A4F7556}") = "Server", "Server\Server.csproj", "{3C02255F-64E2-452E-9BAE-501937900CBA}"
EndProject
Project("{FAE04EC0-301F-11D3-BF4B-00C04F79EFBC}") = "Client", "Client\Client.csproj", "{78D692E7-ADC9-4122-85B7-53E31400322A}"
EndProject
Global
	GlobalSection(SolutionConfigurationPlatforms) = preSolution
		Debug|Any CPU = Debug|Any CPU
		Release|Any CPU = Release|Any CPU
	EndGlobalSection
	GlobalSection(ProjectConfigurationPlatforms) = postSolution
		{3C02255F-64E2-452E-9BAE-501937900CBA}.Debug|Any CPU.ActiveCfg = Debug|Any CPU
		{3C02255F-64E2-452E-9BAE-501937900CBA}.Debug|Any CPU.Build.0 = Debug|Any CPU
		{3C02255F-64E2-452E-9BAE-501937900CBA}.Release|Any CPU.ActiveCfg = Release|Any CPU
		{3C02255F-64E2-452E-9BAE-501937900CBA}.Release|Any CPU.Build.0 = Release|Any CPU
		{78D692E7-ADC9-4122-85B7-53E31400322A}.Debug|Any CPU.ActiveCfg = Debug|Any CPU
		{78D692E7-ADC9-4122-85B7-53E31400322A}.Debug|Any CPU.Build.0 = Debug|Any CPU
		{78D692E7-ADC9-4122-85B7-53E31400322A}.Release|Any CPU.ActiveCfg = Release|Any CPU
		{78D692E7-ADC9-4122-85B7-53E31400322A}.Release|Any CPU.Build.0 = Release|Any CPU
	EndGlobalSection
	GlobalSection(SolutionProperties) = preSolution
		HideSolutionNode = FALSE
	EndGlobalSection
	GlobalSection(ExtensibilityGlobals) = postSolution
		SolutionGuid = {C240A5D4-6DDB-4F0D-BDFA-E37866FBC40B}
	EndGlobalSection
EndGlobal
